
Microsoft Visual Studio Solution File, Format Version 12.00
# Visual Studio 14
VisualStudioVersion = 14.0.25420.1
MinimumVisualStudioVersion = 10.0.40219.1
Project("{FAE04EC0-301F-11D3-BF4B-00C04F79EFBC}") = "SortList", "SortList\SortList.csproj", "{4E0EB2E4-6037-43D5-9567-71B39CD3677B}"
EndProject
Project("{FAE04EC0-301F-11D3-BF4B-00C04F79EFBC}") = "UnitTestProject1", "UnitTestProject1\UnitTestProject1.csproj", "{DE19EBFE-7A7B-43DA-BE26-19692DD5BDD0}"
EndProject
Project("{FAE04EC0-301F-11D3-BF4B-00C04F79EFBC}") = "FirsPurchase", "FirsPurchase\FirsPurchase.csproj", "{2CEA5957-A331-4758-94DD-CB6126F19515}"
EndProject
Global
	GlobalSection(SolutionConfigurationPlatforms) = preSolution
		Debug|Any CPU = Debug|Any CPU
		Release|Any CPU = Release|Any CPU
	EndGlobalSection
	GlobalSection(ProjectConfigurationPlatforms) = postSolution
		{4E0EB2E4-6037-43D5-9567-71B39CD3677B}.Debug|Any CPU.ActiveCfg = Debug|Any CPU
		{4E0EB2E4-6037-43D5-9567-71B39CD3677B}.Debug|Any CPU.Build.0 = Debug|Any CPU
		{4E0EB2E4-6037-43D5-9567-71B39CD3677B}.Release|Any CPU.ActiveCfg = Release|Any CPU
		{4E0EB2E4-6037-43D5-9567-71B39CD3677B}.Release|Any CPU.Build.0 = Release|Any CPU
		{DE19EBFE-7A7B-43DA-BE26-19692DD5BDD0}.Debug|Any CPU.ActiveCfg = Debug|Any CPU
		{DE19EBFE-7A7B-43DA-BE26-19692DD5BDD0}.Debug|Any CPU.Build.0 = Debug|Any CPU
		{DE19EBFE-7A7B-43DA-BE26-19692DD5BDD0}.Release|Any CPU.ActiveCfg = Release|Any CPU
		{DE19EBFE-7A7B-43DA-BE26-19692DD5BDD0}.Release|Any CPU.Build.0 = Release|Any CPU
		{2CEA5957-A331-4758-94DD-CB6126F19515}.Debug|Any CPU.ActiveCfg = Debug|Any CPU
		{2CEA5957-A331-4758-94DD-CB6126F19515}.Debug|Any CPU.Build.0 = Debug|Any CPU
		{2CEA5957-A331-4758-94DD-CB6126F19515}.Release|Any CPU.ActiveCfg = Release|Any CPU
		{2CEA5957-A331-4758-94DD-CB6126F19515}.Release|Any CPU.Build.0 = Release|Any CPU
	EndGlobalSection
	GlobalSection(SolutionProperties) = preSolution
		HideSolutionNode = FALSE
	EndGlobalSection
EndGlobal
